// !$*UTF8*$!
{
	archiveVersion = 1;
	classes = {
	};
	objectVersion = 46;
	objects = {

/* Begin PBXBuildFile section */
		BAEC71031B67544100AE1CFA /* main.m in Sources */ = {isa = PBXBuildFile; fileRef = BAEC71021B67544100AE1CFA /* main.m */; };
		BAEC71061B67544100AE1CFA /* AppDelegate.m in Sources */ = {isa = PBXBuildFile; fileRef = BAEC71051B67544100AE1CFA /* AppDelegate.m */; };
		BAEC71091B67544100AE1CFA /* ViewController.m in Sources */ = {isa = PBXBuildFile; fileRef = BAEC71081B67544100AE1CFA /* ViewController.m */; };
		BAEC710C1B67544100AE1CFA /* Main.storyboard in Resources */ = {isa = PBXBuildFile; fileRef = BAEC710A1B67544100AE1CFA /* Main.storyboard */; };
		BAEC710E1B67544100AE1CFA /* Images.xcassets in Resources */ = {isa = PBXBuildFile; fileRef = BAEC710D1B67544100AE1CFA /* Images.xcassets */; };
		BAEC71111B67544100AE1CFA /* LaunchScreen.xib in Resources */ = {isa = PBXBuildFile; fileRef = BAEC710F1B67544100AE1CFA /* LaunchScreen.xib */; };
		BAEC711D1B67544100AE1CFA /* TrackTests.m in Sources */ = {isa = PBXBuildFile; fileRef = BAEC711C1B67544100AE1CFA /* TrackTests.m */; };
/* End PBXBuildFile section */

/* Begin PBXContainerItemProxy section */
		BAEC71171B67544100AE1CFA /* PBXContainerItemProxy */ = {
			isa = PBXContainerItemProxy;
			containerPortal = BAEC70F51B67544100AE1CFA /* Project object */;
			proxyType = 1;
			remoteGlobalIDString = BAEC70FC1B67544100AE1CFA;
			remoteInfo = Track;
		};
/* End PBXContainerItemProxy section */

/* Begin PBXFileReference section */
		BAEC70FD1B67544100AE1CFA /* Track.app */ = {isa = PBXFileReference; explicitFileType = wrapper.application; includeInIndex = 0; path = Track.app; sourceTree = BUILT_PRODUCTS_DIR; };
		BAEC71011B67544100AE1CFA /* Info.plist */ = {isa = PBXFileReference; lastKnownFileType = text.plist.xml; path = Info.plist; sourceTree = "<group>"; };
		BAEC71021B67544100AE1CFA /* main.m */ = {isa = PBXFileReference; lastKnownFileType = sourcecode.c.objc; path = main.m; sourceTree = "<group>"; };
		BAEC71041B67544100AE1CFA /* AppDelegate.h */ = {isa = PBXFileReference; lastKnownFileType = sourcecode.c.h; path = AppDelegate.h; sourceTree = "<group>"; };
		BAEC71051B67544100AE1CFA /* AppDelegate.m */ = {isa = PBXFileReference; lastKnownFileType = sourcecode.c.objc; path = AppDelegate.m; sourceTree = "<group>"; };
		BAEC71071B67544100AE1CFA /* ViewController.h */ = {isa = PBXFileReference; lastKnownFileType = sourcecode.c.h; path = ViewController.h; sourceTree = "<group>"; };
		BAEC71081B67544100AE1CFA /* ViewController.m */ = {isa = PBXFileReference; lastKnownFileType = sourcecode.c.objc; path = ViewController.m; sourceTree = "<group>"; };
		BAEC710B1B67544100AE1CFA /* Base */ = {isa = PBXFileReference; lastKnownFileType = file.storyboard; name = Base; path = Base.lproj/Main.storyboard; sourceTree = "<group>"; };
		BAEC710D1B67544100AE1CFA /* Images.xcassets */ = {isa = PBXFileReference; lastKnownFileType = folder.assetcatalog; path = Images.xcassets; sourceTree = "<group>"; };
		BAEC71101B67544100AE1CFA /* Base */ = {isa = PBXFileReference; lastKnownFileType = file.xib; name = Base; path = Base.lproj/LaunchScreen.xib; sourceTree = "<group>"; };
		BAEC71161B67544100AE1CFA /* TrackTests.xctest */ = {isa = PBXFileReference; explicitFileType = wrapper.cfbundle; includeInIndex = 0; path = TrackTests.xctest; sourceTree = BUILT_PRODUCTS_DIR; };
		BAEC711B1B67544100AE1CFA /* Info.plist */ = {isa = PBXFileReference; lastKnownFileType = text.plist.xml; path = Info.plist; sourceTree = "<group>"; };
		BAEC711C1B67544100AE1CFA /* TrackTests.m */ = {isa = PBXFileReference; lastKnownFileType = sourcecode.c.objc; path = TrackTests.m; sourceTree = "<group>"; };
/* End PBXFileReference section */

/* Begin PBXFrameworksBuildPhase section */
		BAEC70FA1B67544100AE1CFA /* Frameworks */ = {
			isa = PBXFrameworksBuildPhase;
			buildActionMask = 2147483647;
			files = (
			);
			runOnlyForDeploymentPostprocessing = 0;
		};
		BAEC71131B67544100AE1CFA /* Frameworks */ = {
			isa = PBXFrameworksBuildPhase;
			buildActionMask = 2147483647;
			files = (
			);
			runOnlyForDeploymentPostprocessing = 0;
		};
/* End PBXFrameworksBuildPhase section */

/* Begin PBXGroup section */
		BAEC70F41B67544100AE1CFA = {
			isa = PBXGroup;
			children = (
				BAEC70FF1B67544100AE1CFA /* Track */,
				BAEC71191B67544100AE1CFA /* TrackTests */,
				BAEC70FE1B67544100AE1CFA /* Products */,
			);
			sourceTree = "<group>";
		};
		BAEC70FE1B67544100AE1CFA /* Products */ = {
			isa = PBXGroup;
			children = (
				BAEC70FD1B67544100AE1CFA /* Track.app */,
				BAEC71161B67544100AE1CFA /* TrackTests.xctest */,
			);
			name = Products;
			sourceTree = "<group>";
		};
		BAEC70FF1B67544100AE1CFA /* Track */ = {
			isa = PBXGroup;
			children = (
				BAEC71041B67544100AE1CFA /* AppDelegate.h */,
				BAEC71051B67544100AE1CFA /* AppDelegate.m */,
				BAEC71071B67544100AE1CFA /* ViewController.h */,
				BAEC71081B67544100AE1CFA /* ViewController.m */,
				BAEC710A1B67544100AE1CFA /* Main.storyboard */,
				BAEC710D1B67544100AE1CFA /* Images.xcassets */,
				BAEC710F1B67544100AE1CFA /* LaunchScreen.xib */,
				BAEC71001B67544100AE1CFA /* Supporting Files */,
			);
			path = Track;
			sourceTree = "<group>";
		};
		BAEC71001B67544100AE1CFA /* Supporting Files */ = {
			isa = PBXGroup;
			children = (
				BAEC71011B67544100AE1CFA /* Info.plist */,
				BAEC71021B67544100AE1CFA /* main.m */,
			);
			name = "Supporting Files";
			sourceTree = "<group>";
		};
		BAEC71191B67544100AE1CFA /* TrackTests */ = {
			isa = PBXGroup;
			children = (
				BAEC711C1B67544100AE1CFA /* TrackTests.m */,
				BAEC711A1B67544100AE1CFA /* Supporting Files */,
			);
			path = TrackTests;
			sourceTree = "<group>";
		};
		BAEC711A1B67544100AE1CFA /* Supporting Files */ = {
			isa = PBXGroup;
			children = (
				BAEC711B1B67544100AE1CFA /* Info.plist */,
			);
			name = "Supporting Files";
			sourceTree = "<group>";
		};
/* End PBXGroup section */

/* Begin PBXNativeTarget section */
		BAEC70FC1B67544100AE1CFA /* Track */ = {
			isa = PBXNativeTarget;
			buildConfigurationList = BAEC71201B67544100AE1CFA /* Build configuration list for PBXNativeTarget "Track" */;
			buildPhases = (
				BAEC70F91B67544100AE1CFA /* Sources */,
				BAEC70FA1B67544100AE1CFA /* Frameworks */,
				BAEC70FB1B67544100AE1CFA /* Resources */,
			);
			buildRules = (
			);
			dependencies = (
			);
			name = Track;
			productName = Track;
			productReference = BAEC70FD1B67544100AE1CFA /* Track.app */;
			productType = "com.apple.product-type.application";
		};
		BAEC71151B67544100AE1CFA /* TrackTests */ = {
			isa = PBXNativeTarget;
			buildConfigurationList = BAEC71231B67544100AE1CFA /* Build configuration list for PBXNativeTarget "TrackTests" */;
			buildPhases = (
				BAEC71121B67544100AE1CFA /* Sources */,
				BAEC71131B67544100AE1CFA /* Frameworks */,
				BAEC71141B67544100AE1CFA /* Resources */,
			);
			buildRules = (
			);
			dependencies = (
				BAEC71181B67544100AE1CFA /* PBXTargetDependency */,
			);
			name = TrackTests;
			productName = TrackTests;
			productReference = BAEC71161B67544100AE1CFA /* TrackTests.xctest */;
			productType = "com.apple.product-type.bundle.unit-test";
		};
/* End PBXNativeTarget section */

/* Begin PBXProject section */
		BAEC70F51B67544100AE1CFA /* Project object */ = {
			isa = PBXProject;
			attributes = {
				LastUpgradeCheck = 0630;
				ORGANIZATIONNAME = Henry;
				TargetAttributes = {
					BAEC70FC1B67544100AE1CFA = {
						CreatedOnToolsVersion = 6.3.1;
					};
					BAEC71151B67544100AE1CFA = {
						CreatedOnToolsVersion = 6.3.1;
						TestTargetID = BAEC70FC1B67544100AE1CFA;
					};
				};
			};
			buildConfigurationList = BAEC70F81B67544100AE1CFA /* Build configuration list for PBXProject "Track" */;
			compatibilityVersion = "Xcode 3.2";
			developmentRegion = English;
			hasScannedForEncodings = 0;
			knownRegions = (
				en,
				Base,
			);
			mainGroup = BAEC70F41B67544100AE1CFA;
			productRefGroup = BAEC70FE1B67544100AE1CFA /* Products */;
			projectDirPath = "";
			projectRoot = "";
			targets = (
				BAEC70FC1B67544100AE1CFA /* Track */,
				BAEC71151B67544100AE1CFA /* TrackTests */,
			);
		};
/* End PBXProject section */

/* Begin PBXResourcesBuildPhase section */
		BAEC70FB1B67544100AE1CFA /* Resources */ = {
			isa = PBXResourcesBuildPhase;
			buildActionMask = 2147483647;
			files = (
				BAEC710C1B67544100AE1CFA /* Main.storyboard in Resources */,
				BAEC71111B67544100AE1CFA /* LaunchScreen.xib in Resources */,
				BAEC710E1B67544100AE1CFA /* Images.xcassets in Resources */,
			);
			runOnlyForDeploymentPostprocessing = 0;
		};
		BAEC71141B67544100AE1CFA /* Resources */ = {
			isa = PBXResourcesBuildPhase;
			buildActionMask = 2147483647;
			files = (
			);
			runOnlyForDeploymentPostprocessing = 0;
		};
/* End PBXResourcesBuildPhase section */

/* Begin PBXSourcesBuildPhase section */
		BAEC70F91B67544100AE1CFA /* Sources */ = {
			isa = PBXSourcesBuildPhase;
			buildActionMask = 2147483647;
			files = (
				BAEC71091B67544100AE1CFA /* ViewController.m in Sources */,
				BAEC71061B67544100AE1CFA /* AppDelegate.m in Sources */,
				BAEC71031B67544100AE1CFA /* main.m in Sources */,
			);
			runOnlyForDeploymentPostprocessing = 0;
		};
		BAEC71121B67544100AE1CFA /* Sources */ = {
			isa = PBXSourcesBuildPhase;
			buildActionMask = 2147483647;
			files = (
				BAEC711D1B67544100AE1CFA /* TrackTests.m in Sources */,
			);
			runOnlyForDeploymentPostprocessing = 0;
		};
/* End PBXSourcesBuildPhase section */

/* Begin PBXTargetDependency section */
		BAEC71181B67544100AE1CFA /* PBXTargetDependency */ = {
			isa = PBXTargetDependency;
			target = BAEC70FC1B67544100AE1CFA /* Track */;
			targetProxy = BAEC71171B67544100AE1CFA /* PBXContainerItemProxy */;
		};
/* End PBXTargetDependency section */

/* Begin PBXVariantGroup section */
		BAEC710A1B67544100AE1CFA /* Main.storyboard */ = {
			isa = PBXVariantGroup;
			children = (
				BAEC710B1B67544100AE1CFA /* Base */,
			);
			name = Main.storyboard;
			sourceTree = "<group>";
		};
		BAEC710F1B67544100AE1CFA /* LaunchScreen.xib */ = {
			isa = PBXVariantGroup;
			children = (
				BAEC71101B67544100AE1CFA /* Base */,
			);
			name = LaunchScreen.xib;
			sourceTree = "<group>";
		};
/* End PBXVariantGroup section */

/* Begin XCBuildConfiguration section */
		BAEC711E1B67544100AE1CFA /* Debug */ = {
			isa = XCBuildConfiguration;
			buildSettings = {
				ALWAYS_SEARCH_USER_PATHS = NO;
				CLANG_CXX_LANGUAGE_STANDARD = "gnu++0x";
				CLANG_CXX_LIBRARY = "libc++";
				CLANG_ENABLE_MODULES = YES;
				CLANG_ENABLE_OBJC_ARC = YES;
				CLANG_WARN_BOOL_CONVERSION = YES;
				CLANG_WARN_CONSTANT_CONVERSION = YES;
				CLANG_WARN_DIRECT_OBJC_ISA_USAGE = YES_ERROR;
				CLANG_WARN_EMPTY_BODY = YES;
				CLANG_WARN_ENUM_CONVERSION = YES;
				CLANG_WARN_INT_CONVERSION = YES;
				CLANG_WARN_OBJC_ROOT_CLASS = YES_ERROR;
				CLANG_WARN_UNREACHABLE_CODE = YES;
				CLANG_WARN__DUPLICATE_METHOD_MATCH = YES;
				"CODE_SIGN_IDENTITY[sdk=iphoneos*]" = "iPhone Developer";
				COPY_PHASE_STRIP = NO;
				DEBUG_INFORMATION_FORMAT = "dwarf-with-dsym";
				ENABLE_STRICT_OBJC_MSGSEND = YES;
				GCC_C_LANGUAGE_STANDARD = gnu99;
				GCC_DYNAMIC_NO_PIC = NO;
				GCC_NO_COMMON_BLOCKS = YES;
				GCC_OPTIMIZATION_LEVEL = 0;
				GCC_PREPROCESSOR_DEFINITIONS = (
					"DEBUG=1",
					"$(inherited)",
				);
				GCC_SYMBOLS_PRIVATE_EXTERN = NO;
				GCC_WARN_64_TO_32_BIT_CONVERSION = YES;
				GCC_WARN_ABOUT_RETURN_TYPE = YES_ERROR;
				GCC_WARN_UNDECLARED_SELECTOR = YES;
				GCC_WARN_UNINITIALIZED_AUTOS = YES_AGGRESSIVE;
				GCC_WARN_UNUSED_FUNCTION = YES;
				GCC_WARN_UNUSED_VARIABLE = YES;
				IPHONEOS_DEPLOYMENT_TARGET = 8.3;
				MTL_ENABLE_DEBUG_INFO = YES;
				ONLY_ACTIVE_ARCH = YES;
				SDKROOT = iphoneos;
			};
			name = Debug;
		};
		BAEC711F1B67544100AE1CFA /* Release */ = {
			isa = XCBuildConfiguration;
			buildSettings = {
				ALWAYS_SEARCH_USER_PATHS = NO;
				CLANG_CXX_LANGUAGE_STANDARD = "gnu++0x";
				CLANG_CXX_LIBRARY = "libc++";
				CLANG_ENABLE_MODULES = YES;
				CLANG_ENABLE_OBJC_ARC = YES;
				CLANG_WARN_BOOL_CONVERSION = YES;
				CLANG_WARN_CONSTANT_CONVERSION = YES;
				CLANG_WARN_DIRECT_OBJC_ISA_USAGE = YES_ERROR;
				CLANG_WARN_EMPTY_BODY = YES;
				CLANG_WARN_ENUM_CONVERSION = YES;
				CLANG_WARN_INT_CONVERSION = YES;
				CLANG_WARN_OBJC_ROOT_CLASS = YES_ERROR;
				CLANG_WARN_UNREACHABLE_CODE = YES;
				CLANG_WARN__DUPLICATE_METHOD_MATCH = YES;
				"CODE_SIGN_IDENTITY[sdk=iphoneos*]" = "iPhone Developer";
				COPY_PHASE_STRIP = NO;
				DEBUG_INFORMATION_FORMAT = "dwarf-with-dsym";
				ENABLE_NS_ASSERTIONS = NO;
				ENABLE_STRICT_OBJC_MSGSEND = YES;
				GCC_C_LANGUAGE_STANDARD = gnu99;
				GCC_NO_COMMON_BLOCKS = YES;
				GCC_WARN_64_TO_32_BIT_CONVERSION = YES;
				GCC_WARN_ABOUT_RETURN_TYPE = YES_ERROR;
				GCC_WARN_UNDECLARED_SELECTOR = YES;
				GCC_WARN_UNINITIALIZED_AUTOS = YES_AGGRESSIVE;
				GCC_WARN_UNUSED_FUNCTION = YES;
				GCC_WARN_UNUSED_VARIABLE = YES;
				IPHONEOS_DEPLOYMENT_TARGET = 8.3;
				MTL_ENABLE_DEBUG_INFO = NO;
				SDKROOT = iphoneos;
				VALIDATE_PRODUCT = YES;
			};
			name = Release;
		};
		BAEC71211B67544100AE1CFA /* Debug */ = {
			isa = XCBuildConfiguration;
			buildSettings = {
				ASSETCATALOG_COMPILER_APPICON_NAME = AppIcon;
				INFOPLIST_FILE = Track/Info.plist;
				LD_RUNPATH_SEARCH_PATHS = "$(inherited) @executable_path/Frameworks";
				PRODUCT_NAME = "$(TARGET_NAME)";
			};
			name = Debug;
		};
		BAEC71221B67544100AE1CFA /* Release */ = {
			isa = XCBuildConfiguration;
			buildSettings = {
				ASSETCATALOG_COMPILER_APPICON_NAME = AppIcon;
				INFOPLIST_FILE = Track/Info.plist;
				LD_RUNPATH_SEARCH_PATHS = "$(inherited) @executable_path/Frameworks";
				PRODUCT_NAME = "$(TARGET_NAME)";
			};
			name = Release;
		};
		BAEC71241B67544100AE1CFA /* Debug */ = {
			isa = XCBuildConfiguration;
			buildSettings = {
				BUNDLE_LOADER = "$(TEST_HOST)";
				FRAMEWORK_SEARCH_PATHS = (
					"$(SDKROOT)/Developer/Library/Frameworks",
					"$(inherited)",
				);
				GCC_PREPROCESSOR_DEFINITIONS = (
					"DEBUG=1",
					"$(inherited)",
				);
				INFOPLIST_FILE = TrackTests/Info.plist;
				LD_RUNPATH_SEARCH_PATHS = "$(inherited) @executable_path/Frameworks @loader_path/Frameworks";
				PRODUCT_NAME = "$(TARGET_NAME)";
				TEST_HOST = "$(BUILT_PRODUCTS_DIR)/Track.app/Track";
			};
			name = Debug;
		};
		BAEC71251B67544100AE1CFA /* Release */ = {
			isa = XCBuildConfiguration;
			buildSettings = {
				BUNDLE_LOADER = "$(TEST_HOST)";
				FRAMEWORK_SEARCH_PATHS = (
					"$(SDKROOT)/Developer/Library/Frameworks",
					"$(inherited)",
				);
				INFOPLIST_FILE = TrackTests/Info.plist;
				LD_RUNPATH_SEARCH_PATHS = "$(inherited) @executable_path/Frameworks @loader_path/Frameworks";
				PRODUCT_NAME = "$(TARGET_NAME)";
				TEST_HOST = "$(BUILT_PRODUCTS_DIR)/Track.app/Track";
			};
			name = Release;
		};
/* End XCBuildConfiguration section */

/* Begin XCConfigurationList section */
		BAEC70F81B67544100AE1CFA /* Build configuration list for PBXProject "Track" */ = {
			isa = XCConfigurationList;
			buildConfigurations = (
				BAEC711E1B67544100AE1CFA /* Debug */,
				BAEC711F1B67544100AE1CFA /* Release */,
			);
			defaultConfigurationIsVisible = 0;
			defaultConfigurationName = Release;
		};
		BAEC71201B67544100AE1CFA /* Build configuration list for PBXNativeTarget "Track" */ = {
			isa = XCConfigurationList;
			buildConfigurations = (
				BAEC71211B67544100AE1CFA /* Debug */,
				BAEC71221B67544100AE1CFA /* Release */,
			);
			defaultConfigurationIsVisible = 0;
		};
		BAEC71231B67544100AE1CFA /* Build configuration list for PBXNativeTarget "TrackTests" */ = {
			isa = XCConfigurationList;
			buildConfigurations = (
				BAEC71241B67544100AE1CFA /* Debug */,
				BAEC71251B67544100AE1CFA /* Release */,
			);
			defaultConfigurationIsVisible = 0;
		};
/* End XCConfigurationList section */
	};
	rootObject = BAEC70F51B67544100AE1CFA /* Project object */;
}
